
Microsoft Visual Studio Solution File, Format Version 12.00
# Visual Studio Version 17
VisualStudioVersion = 17.0.32112.339
MinimumVisualStudioVersion = 10.0.40219.1
Project("{9A19103F-16F7-4668-BE54-9A1E7A4F7556}") = "VideoPlayerWeb", "TestArtem\VideoPlayerWeb.csproj", "{4692A912-5781-47F2-A7E7-9581F7054D4A}"
EndProject
Global
	GlobalSection(SolutionConfigurationPlatforms) = preSolution
		Debug|Any CPU = Debug|Any CPU
		Release|Any CPU = Release|Any CPU
	EndGlobalSection
	GlobalSection(ProjectConfigurationPlatforms) = postSolution
		{4692A912-5781-47F2-A7E7-9581F7054D4A}.Debug|Any CPU.ActiveCfg = Debug|Any CPU
		{4692A912-5781-47F2-A7E7-9581F7054D4A}.Debug|Any CPU.Build.0 = Debug|Any CPU
		{4692A912-5781-47F2-A7E7-9581F7054D4A}.Release|Any CPU.ActiveCfg = Release|Any CPU
		{4692A912-5781-47F2-A7E7-9581F7054D4A}.Release|Any CPU.Build.0 = Release|Any CPU
	EndGlobalSection
	GlobalSection(SolutionProperties) = preSolution
		HideSolutionNode = FALSE
	EndGlobalSection
	GlobalSection(ExtensibilityGlobals) = postSolution
		SolutionGuid = {D1C38F46-B437-43F6-BE8B-5D00DAAAF581}
	EndGlobalSection
EndGlobal
